
Microsoft Visual Studio Solution File, Format Version 12.00
# Visual Studio Version 16
VisualStudioVersion = 16.6.30114.105
MinimumVisualStudioVersion = 10.0.40219.1
Project("{FAE04EC0-301F-11D3-BF4B-00C04F79EFBC}") = "DotLocal", "DotLocal\DotLocal.csproj", "{E5B78513-8CC7-4310-A009-5F82FB04A083}"
EndProject
Project("{FAE04EC0-301F-11D3-BF4B-00C04F79EFBC}") = "DotLocal.Tests", "DotLocal.Tests\DotLocal.Tests.csproj", "{CEBE3571-F9D5-4603-82EF-D667FEE01A56}"
EndProject
Project("{9A19103F-16F7-4668-BE54-9A1E7A4F7556}") = "_build", "..\build\_build.csproj", "{DC5B2B92-577F-4CD1-9488-A7D8CD30A0F2}"
EndProject
Global
	GlobalSection(SolutionConfigurationPlatforms) = preSolution
		Debug|Any CPU = Debug|Any CPU
		Debug|x64 = Debug|x64
		Debug|x86 = Debug|x86
		Release|Any CPU = Release|Any CPU
		Release|x64 = Release|x64
		Release|x86 = Release|x86
	EndGlobalSection
	GlobalSection(SolutionProperties) = preSolution
		HideSolutionNode = FALSE
	EndGlobalSection
	GlobalSection(ProjectConfigurationPlatforms) = postSolution
		{DC5B2B92-577F-4CD1-9488-A7D8CD30A0F2}.Debug|Any CPU.ActiveCfg = Debug|Any CPU
		{DC5B2B92-577F-4CD1-9488-A7D8CD30A0F2}.Release|Any CPU.ActiveCfg = Release|Any CPU
		{E5B78513-8CC7-4310-A009-5F82FB04A083}.Debug|Any CPU.ActiveCfg = Debug|Any CPU
		{E5B78513-8CC7-4310-A009-5F82FB04A083}.Debug|Any CPU.Build.0 = Debug|Any CPU
		{E5B78513-8CC7-4310-A009-5F82FB04A083}.Debug|x64.ActiveCfg = Debug|Any CPU
		{E5B78513-8CC7-4310-A009-5F82FB04A083}.Debug|x64.Build.0 = Debug|Any CPU
		{E5B78513-8CC7-4310-A009-5F82FB04A083}.Debug|x86.ActiveCfg = Debug|Any CPU
		{E5B78513-8CC7-4310-A009-5F82FB04A083}.Debug|x86.Build.0 = Debug|Any CPU
		{E5B78513-8CC7-4310-A009-5F82FB04A083}.Release|Any CPU.ActiveCfg = Release|Any CPU
		{E5B78513-8CC7-4310-A009-5F82FB04A083}.Release|Any CPU.Build.0 = Release|Any CPU
		{E5B78513-8CC7-4310-A009-5F82FB04A083}.Release|x64.ActiveCfg = Release|Any CPU
		{E5B78513-8CC7-4310-A009-5F82FB04A083}.Release|x64.Build.0 = Release|Any CPU
		{E5B78513-8CC7-4310-A009-5F82FB04A083}.Release|x86.ActiveCfg = Release|Any CPU
		{E5B78513-8CC7-4310-A009-5F82FB04A083}.Release|x86.Build.0 = Release|Any CPU
		{CEBE3571-F9D5-4603-82EF-D667FEE01A56}.Debug|Any CPU.ActiveCfg = Debug|Any CPU
		{CEBE3571-F9D5-4603-82EF-D667FEE01A56}.Debug|Any CPU.Build.0 = Debug|Any CPU
		{CEBE3571-F9D5-4603-82EF-D667FEE01A56}.Debug|x64.ActiveCfg = Debug|Any CPU
		{CEBE3571-F9D5-4603-82EF-D667FEE01A56}.Debug|x64.Build.0 = Debug|Any CPU
		{CEBE3571-F9D5-4603-82EF-D667FEE01A56}.Debug|x86.ActiveCfg = Debug|Any CPU
		{CEBE3571-F9D5-4603-82EF-D667FEE01A56}.Debug|x86.Build.0 = Debug|Any CPU
		{CEBE3571-F9D5-4603-82EF-D667FEE01A56}.Release|Any CPU.ActiveCfg = Release|Any CPU
		{CEBE3571-F9D5-4603-82EF-D667FEE01A56}.Release|Any CPU.Build.0 = Release|Any CPU
		{CEBE3571-F9D5-4603-82EF-D667FEE01A56}.Release|x64.ActiveCfg = Release|Any CPU
		{CEBE3571-F9D5-4603-82EF-D667FEE01A56}.Release|x64.Build.0 = Release|Any CPU
		{CEBE3571-F9D5-4603-82EF-D667FEE01A56}.Release|x86.ActiveCfg = Release|Any CPU
		{CEBE3571-F9D5-4603-82EF-D667FEE01A56}.Release|x86.Build.0 = Release|Any CPU
	EndGlobalSection
EndGlobal
